
Microsoft Visual Studio Solution File, Format Version 12.00
# Visual Studio Version 17
VisualStudioVersion = 17.7.33808.371
MinimumVisualStudioVersion = 10.0.40219.1
Project("{9A19103F-16F7-4668-BE54-9A1E7A4F7556}") = "Console", "Console\Console.csproj", "{DBE87FBD-14AD-4832-A2FB-C6200E4AF95F}"
EndProject
Project("{9A19103F-16F7-4668-BE54-9A1E7A4F7556}") = "RabbitMq.Client.Core", "Core\RabbitMq.Client.Core.csproj", "{8BAE0D54-1B37-4F96-8E45-DEF9828819E1}"
EndProject
Project("{9A19103F-16F7-4668-BE54-9A1E7A4F7556}") = "RabbitMq.Client.DependencyInjection", "DependencyInjection\RabbitMq.Client.DependencyInjection.csproj", "{1DD1EEB5-2FC4-427C-88DE-4111FB464F1D}"
EndProject
Project("{9A19103F-16F7-4668-BE54-9A1E7A4F7556}") = "RabbitMq.Client.Abstractions", "Abstractions\RabbitMq.Client.Abstractions.csproj", "{7EAC984E-B81C-415E-81D9-AAA0EC64CA66}"
EndProject
Project("{9A19103F-16F7-4668-BE54-9A1E7A4F7556}") = "RabbitMq.Client.Implementations", "Implementations\RabbitMq.Client.Implementations.csproj", "{6058121F-952E-4B97-9EE0-99EB04E54741}"
EndProject
Project("{2150E333-8FDC-42A3-9474-1A3956D46DE8}") = ".github", ".github", "{8C730105-AF0A-4E98-B764-A211B65B5A3B}"
EndProject
Project("{2150E333-8FDC-42A3-9474-1A3956D46DE8}") = "workflows", "workflows", "{6D86EA0E-5B3B-4460-BB53-FB1673B95D4C}"
	ProjectSection(SolutionItems) = preProject
		release.yml = release.yml
	EndProjectSection
EndProject
Global
	GlobalSection(SolutionConfigurationPlatforms) = preSolution
		Debug|Any CPU = Debug|Any CPU
		Release|Any CPU = Release|Any CPU
	EndGlobalSection
	GlobalSection(ProjectConfigurationPlatforms) = postSolution
		{DBE87FBD-14AD-4832-A2FB-C6200E4AF95F}.Debug|Any CPU.ActiveCfg = Debug|Any CPU
		{DBE87FBD-14AD-4832-A2FB-C6200E4AF95F}.Debug|Any CPU.Build.0 = Debug|Any CPU
		{DBE87FBD-14AD-4832-A2FB-C6200E4AF95F}.Release|Any CPU.ActiveCfg = Release|Any CPU
		{DBE87FBD-14AD-4832-A2FB-C6200E4AF95F}.Release|Any CPU.Build.0 = Release|Any CPU
		{8BAE0D54-1B37-4F96-8E45-DEF9828819E1}.Debug|Any CPU.ActiveCfg = Debug|Any CPU
		{8BAE0D54-1B37-4F96-8E45-DEF9828819E1}.Debug|Any CPU.Build.0 = Debug|Any CPU
		{8BAE0D54-1B37-4F96-8E45-DEF9828819E1}.Release|Any CPU.ActiveCfg = Release|Any CPU
		{8BAE0D54-1B37-4F96-8E45-DEF9828819E1}.Release|Any CPU.Build.0 = Release|Any CPU
		{1DD1EEB5-2FC4-427C-88DE-4111FB464F1D}.Debug|Any CPU.ActiveCfg = Debug|Any CPU
		{1DD1EEB5-2FC4-427C-88DE-4111FB464F1D}.Debug|Any CPU.Build.0 = Debug|Any CPU
		{1DD1EEB5-2FC4-427C-88DE-4111FB464F1D}.Release|Any CPU.ActiveCfg = Release|Any CPU
		{1DD1EEB5-2FC4-427C-88DE-4111FB464F1D}.Release|Any CPU.Build.0 = Release|Any CPU
		{7EAC984E-B81C-415E-81D9-AAA0EC64CA66}.Debug|Any CPU.ActiveCfg = Debug|Any CPU
		{7EAC984E-B81C-415E-81D9-AAA0EC64CA66}.Debug|Any CPU.Build.0 = Debug|Any CPU
		{7EAC984E-B81C-415E-81D9-AAA0EC64CA66}.Release|Any CPU.ActiveCfg = Release|Any CPU
		{7EAC984E-B81C-415E-81D9-AAA0EC64CA66}.Release|Any CPU.Build.0 = Release|Any CPU
		{6058121F-952E-4B97-9EE0-99EB04E54741}.Debug|Any CPU.ActiveCfg = Debug|Any CPU
		{6058121F-952E-4B97-9EE0-99EB04E54741}.Debug|Any CPU.Build.0 = Debug|Any CPU
		{6058121F-952E-4B97-9EE0-99EB04E54741}.Release|Any CPU.ActiveCfg = Release|Any CPU
		{6058121F-952E-4B97-9EE0-99EB04E54741}.Release|Any CPU.Build.0 = Release|Any CPU
	EndGlobalSection
	GlobalSection(SolutionProperties) = preSolution
		HideSolutionNode = FALSE
	EndGlobalSection
	GlobalSection(NestedProjects) = preSolution
		{6D86EA0E-5B3B-4460-BB53-FB1673B95D4C} = {8C730105-AF0A-4E98-B764-A211B65B5A3B}
	EndGlobalSection
	GlobalSection(ExtensibilityGlobals) = postSolution
		SolutionGuid = {46556301-ADC6-41CE-837E-5B02CDED5FA1}
	EndGlobalSection
EndGlobal
